
Microsoft Visual Studio Solution File, Format Version 12.00
# Visual Studio Version 17
VisualStudioVersion = 17.13.35913.81 d17.13
MinimumVisualStudioVersion = 10.0.40219.1
Project("{FAE04EC0-301F-11D3-BF4B-00C04F79EFBC}") = "FlightAggregatorApi.API", "FlightAggregatorApi.API.csproj", "{0028082F-AA6C-492F-9CFF-A8435117CCB3}"
EndProject
Project("{FAE04EC0-301F-11D3-BF4B-00C04F79EFBC}") = "FlightAggregatorApi.BLL", "..\FlightAggregatorApi.BLL\FlightAggregatorApi.BLL.csproj", "{46108E23-C5CA-473B-9ABB-DE12A709B91C}"
EndProject
Project("{2150E333-8FDC-42A3-9474-1A3956D46DE8}") = "FlightSources", "FlightSources", "{02EA681E-C7D8-13C7-8484-4AC65E1B71E8}"
EndProject
Project("{FAE04EC0-301F-11D3-BF4B-00C04F79EFBC}") = "FlightSource1", "..\FlightSource1\FlightSource1.csproj", "{48374903-8943-4CF8-93D7-C250638E69D6}"
EndProject
Project("{FAE04EC0-301F-11D3-BF4B-00C04F79EFBC}") = "FlightSource2", "..\FlightSource2\FlightSource2.csproj", "{E8450DDC-5013-4547-9674-3FA9E4DBEAA7}"
EndProject
Global
	GlobalSection(SolutionConfigurationPlatforms) = preSolution
		Debug|Any CPU = Debug|Any CPU
		Release|Any CPU = Release|Any CPU
	EndGlobalSection
	GlobalSection(ProjectConfigurationPlatforms) = postSolution
		{0028082F-AA6C-492F-9CFF-A8435117CCB3}.Debug|Any CPU.ActiveCfg = Debug|Any CPU
		{0028082F-AA6C-492F-9CFF-A8435117CCB3}.Debug|Any CPU.Build.0 = Debug|Any CPU
		{0028082F-AA6C-492F-9CFF-A8435117CCB3}.Release|Any CPU.ActiveCfg = Release|Any CPU
		{0028082F-AA6C-492F-9CFF-A8435117CCB3}.Release|Any CPU.Build.0 = Release|Any CPU
		{46108E23-C5CA-473B-9ABB-DE12A709B91C}.Debug|Any CPU.ActiveCfg = Debug|Any CPU
		{46108E23-C5CA-473B-9ABB-DE12A709B91C}.Debug|Any CPU.Build.0 = Debug|Any CPU
		{46108E23-C5CA-473B-9ABB-DE12A709B91C}.Release|Any CPU.ActiveCfg = Release|Any CPU
		{46108E23-C5CA-473B-9ABB-DE12A709B91C}.Release|Any CPU.Build.0 = Release|Any CPU
		{48374903-8943-4CF8-93D7-C250638E69D6}.Debug|Any CPU.ActiveCfg = Debug|Any CPU
		{48374903-8943-4CF8-93D7-C250638E69D6}.Debug|Any CPU.Build.0 = Debug|Any CPU
		{48374903-8943-4CF8-93D7-C250638E69D6}.Release|Any CPU.ActiveCfg = Release|Any CPU
		{48374903-8943-4CF8-93D7-C250638E69D6}.Release|Any CPU.Build.0 = Release|Any CPU
		{E8450DDC-5013-4547-9674-3FA9E4DBEAA7}.Debug|Any CPU.ActiveCfg = Debug|Any CPU
		{E8450DDC-5013-4547-9674-3FA9E4DBEAA7}.Debug|Any CPU.Build.0 = Debug|Any CPU
		{E8450DDC-5013-4547-9674-3FA9E4DBEAA7}.Release|Any CPU.ActiveCfg = Release|Any CPU
		{E8450DDC-5013-4547-9674-3FA9E4DBEAA7}.Release|Any CPU.Build.0 = Release|Any CPU
	EndGlobalSection
	GlobalSection(SolutionProperties) = preSolution
		HideSolutionNode = FALSE
	EndGlobalSection
	GlobalSection(NestedProjects) = preSolution
		{48374903-8943-4CF8-93D7-C250638E69D6} = {02EA681E-C7D8-13C7-8484-4AC65E1B71E8}
		{E8450DDC-5013-4547-9674-3FA9E4DBEAA7} = {02EA681E-C7D8-13C7-8484-4AC65E1B71E8}
	EndGlobalSection
	GlobalSection(ExtensibilityGlobals) = postSolution
		SolutionGuid = {A4ACA7A7-EE49-419D-B1CC-CBD39980BC2A}
	EndGlobalSection
EndGlobal
